// !$*UTF8*$!
{
	archiveVersion = 1;
	classes = {
	};
	objectVersion = 46;
	objects = {

/* Begin PBXBuildFile section */
		322739A11CF8AD3D00820A35 /* Image+CoreDataProperties.swift in Sources */ = {isa = PBXBuildFile; fileRef = 3227399E1CF8AD3D00820A35 /* Image+CoreDataProperties.swift */; };
		322739A21CF8AD3D00820A35 /* Location+CoreDataProperties.swift in Sources */ = {isa = PBXBuildFile; fileRef = 3227399F1CF8AD3D00820A35 /* Location+CoreDataProperties.swift */; };
		322739A31CF8AD3D00820A35 /* Article+CoreDataProperties.swift in Sources */ = {isa = PBXBuildFile; fileRef = 322739A01CF8AD3D00820A35 /* Article+CoreDataProperties.swift */; };
		322E1E2C1CF4034E004D071F /* DrudgeStyleKit.swift in Sources */ = {isa = PBXBuildFile; fileRef = 322E1E2B1CF4034E004D071F /* DrudgeStyleKit.swift */; };
		322E1E311CF488A2004D071F /* assets in Resources */ = {isa = PBXBuildFile; fileRef = 322E1E301CF488A2004D071F /* assets */; };
		322E1E351CF4F49D004D071F /* logoLaunchIcon.png in Resources */ = {isa = PBXBuildFile; fileRef = 322E1E341CF4F49D004D071F /* logoLaunchIcon.png */; };
		3262A3711CF5F73200CC9AFA /* ImageStore.swift in Sources */ = {isa = PBXBuildFile; fileRef = 3262A3701CF5F73200CC9AFA /* ImageStore.swift */; };
		3262A3731CF5FA5C00CC9AFA /* ImageService.swift in Sources */ = {isa = PBXBuildFile; fileRef = 3262A3721CF5FA5C00CC9AFA /* ImageService.swift */; };
		326AD5271CF1E41D00CF15FB /* articles2.json in Resources */ = {isa = PBXBuildFile; fileRef = 326AD5261CF1E41D00CF15FB /* articles2.json */; };
		32C0333A1CEF8D0A00E4AF46 /* articles.json in Resources */ = {isa = PBXBuildFile; fileRef = 32C033391CEF8D0A00E4AF46 /* articles.json */; };
		32C6DC911CE9345E00ADF8C9 /* AppDelegate.swift in Sources */ = {isa = PBXBuildFile; fileRef = 32C6DC901CE9345E00ADF8C9 /* AppDelegate.swift */; };
		32C6DC961CE9345E00ADF8C9 /* Main.storyboard in Resources */ = {isa = PBXBuildFile; fileRef = 32C6DC941CE9345E00ADF8C9 /* Main.storyboard */; };
		32C6DC981CE9345E00ADF8C9 /* Assets.xcassets in Resources */ = {isa = PBXBuildFile; fileRef = 32C6DC971CE9345E00ADF8C9 /* Assets.xcassets */; };
		32C6DC9B1CE9345E00ADF8C9 /* LaunchScreen.storyboard in Resources */ = {isa = PBXBuildFile; fileRef = 32C6DC991CE9345E00ADF8C9 /* LaunchScreen.storyboard */; };
		32C6DCA61CE9345E00ADF8C9 /* DrudgeTests.swift in Sources */ = {isa = PBXBuildFile; fileRef = 32C6DCA51CE9345E00ADF8C9 /* DrudgeTests.swift */; };
		32C6DCB11CE9345E00ADF8C9 /* DrudgeUITests.swift in Sources */ = {isa = PBXBuildFile; fileRef = 32C6DCB01CE9345E00ADF8C9 /* DrudgeUITests.swift */; };
		32C6DCC11CE95AAE00ADF8C9 /* ArticleTableViewCell.swift in Sources */ = {isa = PBXBuildFile; fileRef = 32C6DCC01CE95AAE00ADF8C9 /* ArticleTableViewCell.swift */; };
		32D57FB31CF6ABAA009D7284 /* ImageViewController.swift in Sources */ = {isa = PBXBuildFile; fileRef = 32D57FB21CF6ABAA009D7284 /* ImageViewController.swift */; };
		32E69C111CEB971400067B5E /* ArticleManager.swift in Sources */ = {isa = PBXBuildFile; fileRef = 32E69C101CEB971400067B5E /* ArticleManager.swift */; };
		32E69C191CEC893E00067B5E /* Image.swift in Sources */ = {isa = PBXBuildFile; fileRef = 32E69C151CEC893E00067B5E /* Image.swift */; };
		32E69C1B1CEC893E00067B5E /* Location.swift in Sources */ = {isa = PBXBuildFile; fileRef = 32E69C171CEC893E00067B5E /* Location.swift */; };
		32E69C1D1CECEF7600067B5E /* UpdateIndicator.swift in Sources */ = {isa = PBXBuildFile; fileRef = 32E69C1C1CECEF7600067B5E /* UpdateIndicator.swift */; };
		32F97BDE1CEB34A60023551D /* CoreDataStack.swift in Sources */ = {isa = PBXBuildFile; fileRef = 32F97BDD1CEB34A60023551D /* CoreDataStack.swift */; };
		32F97BE11CEB47800023551D /* Drudge.xcdatamodeld in Sources */ = {isa = PBXBuildFile; fileRef = 32F97BDF1CEB47800023551D /* Drudge.xcdatamodeld */; };
		32F97BE51CEB47E00023551D /* Article.swift in Sources */ = {isa = PBXBuildFile; fileRef = 32F97BE31CEB47E00023551D /* Article.swift */; };
		32F97BE71CEB64240023551D /* DrudgeAPI.swift in Sources */ = {isa = PBXBuildFile; fileRef = 32F97BE61CEB64240023551D /* DrudgeAPI.swift */; };
		32F97BE91CEB6D610023551D /* ArticleDetailController.swift in Sources */ = {isa = PBXBuildFile; fileRef = 32F97BE81CEB6D610023551D /* ArticleDetailController.swift */; };
		32F97BEC1CEB75AC0023551D /* ArticleViewController.swift in Sources */ = {isa = PBXBuildFile; fileRef = 32C6DC921CE9345E00ADF8C9 /* ArticleViewController.swift */; };
/* End PBXBuildFile section */

/* Begin PBXContainerItemProxy section */
		32C6DCA21CE9345E00ADF8C9 /* PBXContainerItemProxy */ = {
			isa = PBXContainerItemProxy;
			containerPortal = 32C6DC851CE9345E00ADF8C9 /* Project object */;
			proxyType = 1;
			remoteGlobalIDString = 32C6DC8C1CE9345E00ADF8C9;
			remoteInfo = Drudge;
		};
		32C6DCAD1CE9345E00ADF8C9 /* PBXContainerItemProxy */ = {
			isa = PBXContainerItemProxy;
			containerPortal = 32C6DC851CE9345E00ADF8C9 /* Project object */;
			proxyType = 1;
			remoteGlobalIDString = 32C6DC8C1CE9345E00ADF8C9;
			remoteInfo = Drudge;
		};
/* End PBXContainerItemProxy section */

/* Begin PBXFileReference section */
		3227399E1CF8AD3D00820A35 /* Image+CoreDataProperties.swift */ = {isa = PBXFileReference; fileEncoding = 4; lastKnownFileType = sourcecode.swift; path = "Image+CoreDataProperties.swift"; sourceTree = "<group>"; };
		3227399F1CF8AD3D00820A35 /* Location+CoreDataProperties.swift */ = {isa = PBXFileReference; fileEncoding = 4; lastKnownFileType = sourcecode.swift; path = "Location+CoreDataProperties.swift"; sourceTree = "<group>"; };
		322739A01CF8AD3D00820A35 /* Article+CoreDataProperties.swift */ = {isa = PBXFileReference; fileEncoding = 4; lastKnownFileType = sourcecode.swift; path = "Article+CoreDataProperties.swift"; sourceTree = "<group>"; };
		322E1E2B1CF4034E004D071F /* DrudgeStyleKit.swift */ = {isa = PBXFileReference; fileEncoding = 4; lastKnownFileType = sourcecode.swift; path = DrudgeStyleKit.swift; sourceTree = "<group>"; };
		322E1E301CF488A2004D071F /* assets */ = {isa = PBXFileReference; lastKnownFileType = folder; path = assets; sourceTree = "<group>"; };
		322E1E341CF4F49D004D071F /* logoLaunchIcon.png */ = {isa = PBXFileReference; lastKnownFileType = image.png; name = logoLaunchIcon.png; path = assets/logoLaunchIcon.png; sourceTree = "<group>"; };
		3262A3701CF5F73200CC9AFA /* ImageStore.swift */ = {isa = PBXFileReference; fileEncoding = 4; lastKnownFileType = sourcecode.swift; path = ImageStore.swift; sourceTree = "<group>"; };
		3262A3721CF5FA5C00CC9AFA /* ImageService.swift */ = {isa = PBXFileReference; fileEncoding = 4; lastKnownFileType = sourcecode.swift; path = ImageService.swift; sourceTree = "<group>"; };
		326AD5261CF1E41D00CF15FB /* articles2.json */ = {isa = PBXFileReference; fileEncoding = 4; lastKnownFileType = text.json; path = articles2.json; sourceTree = "<group>"; };
		32C033391CEF8D0A00E4AF46 /* articles.json */ = {isa = PBXFileReference; fileEncoding = 4; lastKnownFileType = text.json; path = articles.json; sourceTree = "<group>"; };
		32C6DC8D1CE9345E00ADF8C9 /* Drudge.app */ = {isa = PBXFileReference; explicitFileType = wrapper.application; includeInIndex = 0; path = Drudge.app; sourceTree = BUILT_PRODUCTS_DIR; };
		32C6DC901CE9345E00ADF8C9 /* AppDelegate.swift */ = {isa = PBXFileReference; lastKnownFileType = sourcecode.swift; path = AppDelegate.swift; sourceTree = "<group>"; };
		32C6DC921CE9345E00ADF8C9 /* ArticleViewController.swift */ = {isa = PBXFileReference; lastKnownFileType = sourcecode.swift; path = ArticleViewController.swift; sourceTree = "<group>"; };
		32C6DC951CE9345E00ADF8C9 /* Base */ = {isa = PBXFileReference; lastKnownFileType = file.storyboard; name = Base; path = Base.lproj/Main.storyboard; sourceTree = "<group>"; };
		32C6DC971CE9345E00ADF8C9 /* Assets.xcassets */ = {isa = PBXFileReference; lastKnownFileType = folder.assetcatalog; path = Assets.xcassets; sourceTree = "<group>"; };
		32C6DC9A1CE9345E00ADF8C9 /* Base */ = {isa = PBXFileReference; lastKnownFileType = file.storyboard; name = Base; path = Base.lproj/LaunchScreen.storyboard; sourceTree = "<group>"; };
		32C6DC9C1CE9345E00ADF8C9 /* Info.plist */ = {isa = PBXFileReference; lastKnownFileType = text.plist.xml; path = Info.plist; sourceTree = "<group>"; };
		32C6DCA11CE9345E00ADF8C9 /* DrudgeTests.xctest */ = {isa = PBXFileReference; explicitFileType = wrapper.cfbundle; includeInIndex = 0; path = DrudgeTests.xctest; sourceTree = BUILT_PRODUCTS_DIR; };
		32C6DCA51CE9345E00ADF8C9 /* DrudgeTests.swift */ = {isa = PBXFileReference; lastKnownFileType = sourcecode.swift; path = DrudgeTests.swift; sourceTree = "<group>"; };
		32C6DCA71CE9345E00ADF8C9 /* Info.plist */ = {isa = PBXFileReference; lastKnownFileType = text.plist.xml; path = Info.plist; sourceTree = "<group>"; };
		32C6DCAC1CE9345E00ADF8C9 /* DrudgeUITests.xctest */ = {isa = PBXFileReference; explicitFileType = wrapper.cfbundle; includeInIndex = 0; path = DrudgeUITests.xctest; sourceTree = BUILT_PRODUCTS_DIR; };
		32C6DCB01CE9345E00ADF8C9 /* DrudgeUITests.swift */ = {isa = PBXFileReference; lastKnownFileType = sourcecode.swift; path = DrudgeUITests.swift; sourceTree = "<group>"; };
		32C6DCB21CE9345E00ADF8C9 /* Info.plist */ = {isa = PBXFileReference; lastKnownFileType = text.plist.xml; path = Info.plist; sourceTree = "<group>"; };
		32C6DCC01CE95AAE00ADF8C9 /* ArticleTableViewCell.swift */ = {isa = PBXFileReference; fileEncoding = 4; lastKnownFileType = sourcecode.swift; path = ArticleTableViewCell.swift; sourceTree = "<group>"; };
		32D57FB21CF6ABAA009D7284 /* ImageViewController.swift */ = {isa = PBXFileReference; fileEncoding = 4; lastKnownFileType = sourcecode.swift; path = ImageViewController.swift; sourceTree = "<group>"; };
		32E69C101CEB971400067B5E /* ArticleManager.swift */ = {isa = PBXFileReference; fileEncoding = 4; lastKnownFileType = sourcecode.swift; path = ArticleManager.swift; sourceTree = "<group>"; };
		32E69C151CEC893E00067B5E /* Image.swift */ = {isa = PBXFileReference; fileEncoding = 4; lastKnownFileType = sourcecode.swift; path = Image.swift; sourceTree = "<group>"; };
		32E69C171CEC893E00067B5E /* Location.swift */ = {isa = PBXFileReference; fileEncoding = 4; lastKnownFileType = sourcecode.swift; path = Location.swift; sourceTree = "<group>"; };
		32E69C1C1CECEF7600067B5E /* UpdateIndicator.swift */ = {isa = PBXFileReference; fileEncoding = 4; lastKnownFileType = sourcecode.swift; path = UpdateIndicator.swift; sourceTree = "<group>"; };
		32F97BDD1CEB34A60023551D /* CoreDataStack.swift */ = {isa = PBXFileReference; fileEncoding = 4; lastKnownFileType = sourcecode.swift; path = CoreDataStack.swift; sourceTree = "<group>"; };
		32F97BE01CEB47800023551D /* Drudge.xcdatamodel */ = {isa = PBXFileReference; lastKnownFileType = wrapper.xcdatamodel; path = Drudge.xcdatamodel; sourceTree = "<group>"; };
		32F97BE31CEB47E00023551D /* Article.swift */ = {isa = PBXFileReference; fileEncoding = 4; lastKnownFileType = sourcecode.swift; path = Article.swift; sourceTree = "<group>"; };
		32F97BE61CEB64240023551D /* DrudgeAPI.swift */ = {isa = PBXFileReference; fileEncoding = 4; lastKnownFileType = sourcecode.swift; path = DrudgeAPI.swift; sourceTree = "<group>"; };
		32F97BE81CEB6D610023551D /* ArticleDetailController.swift */ = {isa = PBXFileReference; fileEncoding = 4; lastKnownFileType = sourcecode.swift; path = ArticleDetailController.swift; sourceTree = "<group>"; };
/* End PBXFileReference section */

/* Begin PBXFrameworksBuildPhase section */
		32C6DC8A1CE9345E00ADF8C9 /* Frameworks */ = {
			isa = PBXFrameworksBuildPhase;
			buildActionMask = 2147483647;
			files = (
			);
			runOnlyForDeploymentPostprocessing = 0;
		};
		32C6DC9E1CE9345E00ADF8C9 /* Frameworks */ = {
			isa = PBXFrameworksBuildPhase;
			buildActionMask = 2147483647;
			files = (
			);
			runOnlyForDeploymentPostprocessing = 0;
		};
		32C6DCA91CE9345E00ADF8C9 /* Frameworks */ = {
			isa = PBXFrameworksBuildPhase;
			buildActionMask = 2147483647;
			files = (
			);
			runOnlyForDeploymentPostprocessing = 0;
		};
/* End PBXFrameworksBuildPhase section */

/* Begin PBXGroup section */
		32C6DC841CE9345E00ADF8C9 = {
			isa = PBXGroup;
			children = (
				32E69C151CEC893E00067B5E /* Image.swift */,
				32E69C171CEC893E00067B5E /* Location.swift */,
				32F97BE31CEB47E00023551D /* Article.swift */,
				3227399E1CF8AD3D00820A35 /* Image+CoreDataProperties.swift */,
				3227399F1CF8AD3D00820A35 /* Location+CoreDataProperties.swift */,
				322739A01CF8AD3D00820A35 /* Article+CoreDataProperties.swift */,
				322E1E341CF4F49D004D071F /* logoLaunchIcon.png */,
				322E1E301CF488A2004D071F /* assets */,
				322E1E2B1CF4034E004D071F /* DrudgeStyleKit.swift */,
				32C6DC8F1CE9345E00ADF8C9 /* Drudge */,
				32C6DCA41CE9345E00ADF8C9 /* DrudgeTests */,
				32C6DCAF1CE9345E00ADF8C9 /* DrudgeUITests */,
				32C6DC8E1CE9345E00ADF8C9 /* Products */,
			);
			sourceTree = "<group>";
		};
		32C6DC8E1CE9345E00ADF8C9 /* Products */ = {
			isa = PBXGroup;
			children = (
				32C6DC8D1CE9345E00ADF8C9 /* Drudge.app */,
				32C6DCA11CE9345E00ADF8C9 /* DrudgeTests.xctest */,
				32C6DCAC1CE9345E00ADF8C9 /* DrudgeUITests.xctest */,
			);
			name = Products;
			sourceTree = "<group>";
		};
		32C6DC8F1CE9345E00ADF8C9 /* Drudge */ = {
			isa = PBXGroup;
			children = (
				32C6DC901CE9345E00ADF8C9 /* AppDelegate.swift */,
				32C6DC921CE9345E00ADF8C9 /* ArticleViewController.swift */,
				32C6DC941CE9345E00ADF8C9 /* Main.storyboard */,
				32F97BDF1CEB47800023551D /* Drudge.xcdatamodeld */,
				32C6DC971CE9345E00ADF8C9 /* Assets.xcassets */,
				32C6DC991CE9345E00ADF8C9 /* LaunchScreen.storyboard */,
				32C6DC9C1CE9345E00ADF8C9 /* Info.plist */,
				32C6DCC01CE95AAE00ADF8C9 /* ArticleTableViewCell.swift */,
				32F97BDD1CEB34A60023551D /* CoreDataStack.swift */,
				32F97BE61CEB64240023551D /* DrudgeAPI.swift */,
				32F97BE81CEB6D610023551D /* ArticleDetailController.swift */,
				32E69C101CEB971400067B5E /* ArticleManager.swift */,
				32E69C1C1CECEF7600067B5E /* UpdateIndicator.swift */,
				32C033391CEF8D0A00E4AF46 /* articles.json */,
				326AD5261CF1E41D00CF15FB /* articles2.json */,
				3262A3701CF5F73200CC9AFA /* ImageStore.swift */,
				3262A3721CF5FA5C00CC9AFA /* ImageService.swift */,
				32D57FB21CF6ABAA009D7284 /* ImageViewController.swift */,
			);
			path = Drudge;
			sourceTree = "<group>";
		};
		32C6DCA41CE9345E00ADF8C9 /* DrudgeTests */ = {
			isa = PBXGroup;
			children = (
				32C6DCA51CE9345E00ADF8C9 /* DrudgeTests.swift */,
				32C6DCA71CE9345E00ADF8C9 /* Info.plist */,
			);
			path = DrudgeTests;
			sourceTree = "<group>";
		};
		32C6DCAF1CE9345E00ADF8C9 /* DrudgeUITests */ = {
			isa = PBXGroup;
			children = (
				32C6DCB01CE9345E00ADF8C9 /* DrudgeUITests.swift */,
				32C6DCB21CE9345E00ADF8C9 /* Info.plist */,
			);
			path = DrudgeUITests;
			sourceTree = "<group>";
		};
/* End PBXGroup section */

/* Begin PBXNativeTarget section */
		32C6DC8C1CE9345E00ADF8C9 /* Drudge */ = {
			isa = PBXNativeTarget;
			buildConfigurationList = 32C6DCB51CE9345E00ADF8C9 /* Build configuration list for PBXNativeTarget "Drudge" */;
			buildPhases = (
				32C6DC891CE9345E00ADF8C9 /* Sources */,
				32C6DC8A1CE9345E00ADF8C9 /* Frameworks */,
				32C6DC8B1CE9345E00ADF8C9 /* Resources */,
			);
			buildRules = (
			);
			dependencies = (
			);
			name = Drudge;
			productName = Drudge;
			productReference = 32C6DC8D1CE9345E00ADF8C9 /* Drudge.app */;
			productType = "com.apple.product-type.application";
		};
		32C6DCA01CE9345E00ADF8C9 /* DrudgeTests */ = {
			isa = PBXNativeTarget;
			buildConfigurationList = 32C6DCB81CE9345E00ADF8C9 /* Build configuration list for PBXNativeTarget "DrudgeTests" */;
			buildPhases = (
				32C6DC9D1CE9345E00ADF8C9 /* Sources */,
				32C6DC9E1CE9345E00ADF8C9 /* Frameworks */,
				32C6DC9F1CE9345E00ADF8C9 /* Resources */,
			);
			buildRules = (
			);
			dependencies = (
				32C6DCA31CE9345E00ADF8C9 /* PBXTargetDependency */,
			);
			name = DrudgeTests;
			productName = DrudgeTests;
			productReference = 32C6DCA11CE9345E00ADF8C9 /* DrudgeTests.xctest */;
			productType = "com.apple.product-type.bundle.unit-test";
		};
		32C6DCAB1CE9345E00ADF8C9 /* DrudgeUITests */ = {
			isa = PBXNativeTarget;
			buildConfigurationList = 32C6DCBB1CE9345E00ADF8C9 /* Build configuration list for PBXNativeTarget "DrudgeUITests" */;
			buildPhases = (
				32C6DCA81CE9345E00ADF8C9 /* Sources */,
				32C6DCA91CE9345E00ADF8C9 /* Frameworks */,
				32C6DCAA1CE9345E00ADF8C9 /* Resources */,
			);
			buildRules = (
			);
			dependencies = (
				32C6DCAE1CE9345E00ADF8C9 /* PBXTargetDependency */,
			);
			name = DrudgeUITests;
			productName = DrudgeUITests;
			productReference = 32C6DCAC1CE9345E00ADF8C9 /* DrudgeUITests.xctest */;
			productType = "com.apple.product-type.bundle.ui-testing";
		};
/* End PBXNativeTarget section */

/* Begin PBXProject section */
		32C6DC851CE9345E00ADF8C9 /* Project object */ = {
			isa = PBXProject;
			attributes = {
				LastSwiftUpdateCheck = 0730;
				LastUpgradeCheck = 0730;
				ORGANIZATIONNAME = "Todd Isaacs";
				TargetAttributes = {
					32C6DC8C1CE9345E00ADF8C9 = {
						CreatedOnToolsVersion = 7.3.1;
						DevelopmentTeam = 9C759Q4CFH;
						SystemCapabilities = {
							com.apple.BackgroundModes = {
								enabled = 1;
							};
						};
					};
					32C6DCA01CE9345E00ADF8C9 = {
						CreatedOnToolsVersion = 7.3.1;
						TestTargetID = 32C6DC8C1CE9345E00ADF8C9;
					};
					32C6DCAB1CE9345E00ADF8C9 = {
						CreatedOnToolsVersion = 7.3.1;
						TestTargetID = 32C6DC8C1CE9345E00ADF8C9;
					};
				};
			};
			buildConfigurationList = 32C6DC881CE9345E00ADF8C9 /* Build configuration list for PBXProject "Drudge" */;
			compatibilityVersion = "Xcode 3.2";
			developmentRegion = English;
			hasScannedForEncodings = 0;
			knownRegions = (
				en,
				Base,
			);
			mainGroup = 32C6DC841CE9345E00ADF8C9;
			productRefGroup = 32C6DC8E1CE9345E00ADF8C9 /* Products */;
			projectDirPath = "";
			projectRoot = "";
			targets = (
				32C6DC8C1CE9345E00ADF8C9 /* Drudge */,
				32C6DCA01CE9345E00ADF8C9 /* DrudgeTests */,
				32C6DCAB1CE9345E00ADF8C9 /* DrudgeUITests */,
			);
		};
/* End PBXProject section */

/* Begin PBXResourcesBuildPhase section */
		32C6DC8B1CE9345E00ADF8C9 /* Resources */ = {
			isa = PBXResourcesBuildPhase;
			buildActionMask = 2147483647;
			files = (
				32C0333A1CEF8D0A00E4AF46 /* articles.json in Resources */,
				326AD5271CF1E41D00CF15FB /* articles2.json in Resources */,
				32C6DC9B1CE9345E00ADF8C9 /* LaunchScreen.storyboard in Resources */,
				32C6DC981CE9345E00ADF8C9 /* Assets.xcassets in Resources */,
				32C6DC961CE9345E00ADF8C9 /* Main.storyboard in Resources */,
				322E1E311CF488A2004D071F /* assets in Resources */,
				322E1E351CF4F49D004D071F /* logoLaunchIcon.png in Resources */,
			);
			runOnlyForDeploymentPostprocessing = 0;
		};
		32C6DC9F1CE9345E00ADF8C9 /* Resources */ = {
			isa = PBXResourcesBuildPhase;
			buildActionMask = 2147483647;
			files = (
			);
			runOnlyForDeploymentPostprocessing = 0;
		};
		32C6DCAA1CE9345E00ADF8C9 /* Resources */ = {
			isa = PBXResourcesBuildPhase;
			buildActionMask = 2147483647;
			files = (
			);
			runOnlyForDeploymentPostprocessing = 0;
		};
/* End PBXResourcesBuildPhase section */

/* Begin PBXSourcesBuildPhase section */
		32C6DC891CE9345E00ADF8C9 /* Sources */ = {
			isa = PBXSourcesBuildPhase;
			buildActionMask = 2147483647;
			files = (
				32F97BDE1CEB34A60023551D /* CoreDataStack.swift in Sources */,
				32E69C1D1CECEF7600067B5E /* UpdateIndicator.swift in Sources */,
				3262A3731CF5FA5C00CC9AFA /* ImageService.swift in Sources */,
				3262A3711CF5F73200CC9AFA /* ImageStore.swift in Sources */,
				32E69C191CEC893E00067B5E /* Image.swift in Sources */,
				322E1E2C1CF4034E004D071F /* DrudgeStyleKit.swift in Sources */,
				32C6DCC11CE95AAE00ADF8C9 /* ArticleTableViewCell.swift in Sources */,
				32E69C111CEB971400067B5E /* ArticleManager.swift in Sources */,
				322739A21CF8AD3D00820A35 /* Location+CoreDataProperties.swift in Sources */,
				32C6DC911CE9345E00ADF8C9 /* AppDelegate.swift in Sources */,
				32E69C1B1CEC893E00067B5E /* Location.swift in Sources */,
				322739A11CF8AD3D00820A35 /* Image+CoreDataProperties.swift in Sources */,
				32F97BE51CEB47E00023551D /* Article.swift in Sources */,
				32F97BEC1CEB75AC0023551D /* ArticleViewController.swift in Sources */,
				32F97BE11CEB47800023551D /* Drudge.xcdatamodeld in Sources */,
				322739A31CF8AD3D00820A35 /* Article+CoreDataProperties.swift in Sources */,
				32F97BE91CEB6D610023551D /* ArticleDetailController.swift in Sources */,
				32D57FB31CF6ABAA009D7284 /* ImageViewController.swift in Sources */,
				32F97BE71CEB64240023551D /* DrudgeAPI.swift in Sources */,
			);
			runOnlyForDeploymentPostprocessing = 0;
		};
		32C6DC9D1CE9345E00ADF8C9 /* Sources */ = {
			isa = PBXSourcesBuildPhase;
			buildActionMask = 2147483647;
			files = (
				32C6DCA61CE9345E00ADF8C9 /* DrudgeTests.swift in Sources */,
			);
			runOnlyForDeploymentPostprocessing = 0;
		};
		32C6DCA81CE9345E00ADF8C9 /* Sources */ = {
			isa = PBXSourcesBuildPhase;
			buildActionMask = 2147483647;
			files = (
				32C6DCB11CE9345E00ADF8C9 /* DrudgeUITests.swift in Sources */,
			);
			runOnlyForDeploymentPostprocessing = 0;
		};
/* End PBXSourcesBuildPhase section */

/* Begin PBXTargetDependency section */
		32C6DCA31CE9345E00ADF8C9 /* PBXTargetDependency */ = {
			isa = PBXTargetDependency;
			target = 32C6DC8C1CE9345E00ADF8C9 /* Drudge */;
			targetProxy = 32C6DCA21CE9345E00ADF8C9 /* PBXContainerItemProxy */;
		};
		32C6DCAE1CE9345E00ADF8C9 /* PBXTargetDependency */ = {
			isa = PBXTargetDependency;
			target = 32C6DC8C1CE9345E00ADF8C9 /* Drudge */;
			targetProxy = 32C6DCAD1CE9345E00ADF8C9 /* PBXContainerItemProxy */;
		};
/* End PBXTargetDependency section */

/* Begin PBXVariantGroup section */
		32C6DC941CE9345E00ADF8C9 /* Main.storyboard */ = {
			isa = PBXVariantGroup;
			children = (
				32C6DC951CE9345E00ADF8C9 /* Base */,
			);
			name = Main.storyboard;
			sourceTree = "<group>";
		};
		32C6DC991CE9345E00ADF8C9 /* LaunchScreen.storyboard */ = {
			isa = PBXVariantGroup;
			children = (
				32C6DC9A1CE9345E00ADF8C9 /* Base */,
			);
			name = LaunchScreen.storyboard;
			sourceTree = "<group>";
		};
/* End PBXVariantGroup section */

/* Begin XCBuildConfiguration section */
		32C6DCB31CE9345E00ADF8C9 /* Debug */ = {
			isa = XCBuildConfiguration;
			buildSettings = {
				ALWAYS_SEARCH_USER_PATHS = NO;
				CLANG_ANALYZER_NONNULL = YES;
				CLANG_CXX_LANGUAGE_STANDARD = "gnu++0x";
				CLANG_CXX_LIBRARY = "libc++";
				CLANG_ENABLE_MODULES = YES;
				CLANG_ENABLE_OBJC_ARC = YES;
				CLANG_WARN_BOOL_CONVERSION = YES;
				CLANG_WARN_CONSTANT_CONVERSION = YES;
				CLANG_WARN_DIRECT_OBJC_ISA_USAGE = YES_ERROR;
				CLANG_WARN_EMPTY_BODY = YES;
				CLANG_WARN_ENUM_CONVERSION = YES;
				CLANG_WARN_INT_CONVERSION = YES;
				CLANG_WARN_OBJC_ROOT_CLASS = YES_ERROR;
				CLANG_WARN_UNREACHABLE_CODE = YES;
				CLANG_WARN__DUPLICATE_METHOD_MATCH = YES;
				"CODE_SIGN_IDENTITY[sdk=iphoneos*]" = "iPhone Developer";
				COPY_PHASE_STRIP = NO;
				DEBUG_INFORMATION_FORMAT = dwarf;
				ENABLE_STRICT_OBJC_MSGSEND = YES;
				ENABLE_TESTABILITY = YES;
				GCC_C_LANGUAGE_STANDARD = gnu99;
				GCC_DYNAMIC_NO_PIC = NO;
				GCC_NO_COMMON_BLOCKS = YES;
				GCC_OPTIMIZATION_LEVEL = 0;
				GCC_PREPROCESSOR_DEFINITIONS = (
					"DEBUG=1",
					"$(inherited)",
				);
				GCC_WARN_64_TO_32_BIT_CONVERSION = YES;
				GCC_WARN_ABOUT_RETURN_TYPE = YES_ERROR;
				GCC_WARN_UNDECLARED_SELECTOR = YES;
				GCC_WARN_UNINITIALIZED_AUTOS = YES_AGGRESSIVE;
				GCC_WARN_UNUSED_FUNCTION = YES;
				GCC_WARN_UNUSED_VARIABLE = YES;
				IPHONEOS_DEPLOYMENT_TARGET = 9.3;
				MTL_ENABLE_DEBUG_INFO = YES;
				ONLY_ACTIVE_ARCH = YES;
				SDKROOT = iphoneos;
				SWIFT_OPTIMIZATION_LEVEL = "-Onone";
				TARGETED_DEVICE_FAMILY = "1,2";
			};
			name = Debug;
		};
		32C6DCB41CE9345E00ADF8C9 /* Release */ = {
			isa = XCBuildConfiguration;
			buildSettings = {
				ALWAYS_SEARCH_USER_PATHS = NO;
				CLANG_ANALYZER_NONNULL = YES;
				CLANG_CXX_LANGUAGE_STANDARD = "gnu++0x";
				CLANG_CXX_LIBRARY = "libc++";
				CLANG_ENABLE_MODULES = YES;
				CLANG_ENABLE_OBJC_ARC = YES;
				CLANG_WARN_BOOL_CONVERSION = YES;
				CLANG_WARN_CONSTANT_CONVERSION = YES;
				CLANG_WARN_DIRECT_OBJC_ISA_USAGE = YES_ERROR;
				CLANG_WARN_EMPTY_BODY = YES;
				CLANG_WARN_ENUM_CONVERSION = YES;
				CLANG_WARN_INT_CONVERSION = YES;
				CLANG_WARN_OBJC_ROOT_CLASS = YES_ERROR;
				CLANG_WARN_UNREACHABLE_CODE = YES;
				CLANG_WARN__DUPLICATE_METHOD_MATCH = YES;
				"CODE_SIGN_IDENTITY[sdk=iphoneos*]" = "iPhone Developer";
				COPY_PHASE_STRIP = NO;
				DEBUG_INFORMATION_FORMAT = "dwarf-with-dsym";
				ENABLE_NS_ASSERTIONS = NO;
				ENABLE_STRICT_OBJC_MSGSEND = YES;
				GCC_C_LANGUAGE_STANDARD = gnu99;
				GCC_NO_COMMON_BLOCKS = YES;
				GCC_WARN_64_TO_32_BIT_CONVERSION = YES;
				GCC_WARN_ABOUT_RETURN_TYPE = YES_ERROR;
				GCC_WARN_UNDECLARED_SELECTOR = YES;
				GCC_WARN_UNINITIALIZED_AUTOS = YES_AGGRESSIVE;
				GCC_WARN_UNUSED_FUNCTION = YES;
				GCC_WARN_UNUSED_VARIABLE = YES;
				IPHONEOS_DEPLOYMENT_TARGET = 9.3;
				MTL_ENABLE_DEBUG_INFO = NO;
				SDKROOT = iphoneos;
				TARGETED_DEVICE_FAMILY = "1,2";
				VALIDATE_PRODUCT = YES;
			};
			name = Release;
		};
		32C6DCB61CE9345E00ADF8C9 /* Debug */ = {
			isa = XCBuildConfiguration;
			buildSettings = {
				ASSETCATALOG_COMPILER_APPICON_NAME = AppIcon;
				CODE_SIGN_IDENTITY = "iPhone Developer";
				"CODE_SIGN_IDENTITY[sdk=iphoneos*]" = "iPhone Developer";
				INFOPLIST_FILE = Drudge/Info.plist;
				LD_RUNPATH_SEARCH_PATHS = "$(inherited) @executable_path/Frameworks";
				PRODUCT_BUNDLE_IDENTIFIER = com.nerdwaller.Drudge;
				PRODUCT_NAME = "$(TARGET_NAME)";
				PROVISIONING_PROFILE = "";
			};
			name = Debug;
		};
		32C6DCB71CE9345E00ADF8C9 /* Release */ = {
			isa = XCBuildConfiguration;
			buildSettings = {
				ASSETCATALOG_COMPILER_APPICON_NAME = AppIcon;
				CODE_SIGN_IDENTITY = "iPhone Developer";
				"CODE_SIGN_IDENTITY[sdk=iphoneos*]" = "iPhone Developer";
				INFOPLIST_FILE = Drudge/Info.plist;
				LD_RUNPATH_SEARCH_PATHS = "$(inherited) @executable_path/Frameworks";
				PRODUCT_BUNDLE_IDENTIFIER = com.nerdwaller.Drudge;
				PRODUCT_NAME = "$(TARGET_NAME)";
				PROVISIONING_PROFILE = "";
			};
			name = Release;
		};
		32C6DCB91CE9345E00ADF8C9 /* Debug */ = {
			isa = XCBuildConfiguration;
			buildSettings = {
				BUNDLE_LOADER = "$(TEST_HOST)";
				INFOPLIST_FILE = DrudgeTests/Info.plist;
				LD_RUNPATH_SEARCH_PATHS = "$(inherited) @executable_path/Frameworks @loader_path/Frameworks";
				PRODUCT_BUNDLE_IDENTIFIER = com.nerdwaller.DrudgeTests;
				PRODUCT_NAME = "$(TARGET_NAME)";
				TEST_HOST = "$(BUILT_PRODUCTS_DIR)/Drudge.app/Drudge";
			};
			name = Debug;
		};
		32C6DCBA1CE9345E00ADF8C9 /* Release */ = {
			isa = XCBuildConfiguration;
			buildSettings = {
				BUNDLE_LOADER = "$(TEST_HOST)";
				INFOPLIST_FILE = DrudgeTests/Info.plist;
				LD_RUNPATH_SEARCH_PATHS = "$(inherited) @executable_path/Frameworks @loader_path/Frameworks";
				PRODUCT_BUNDLE_IDENTIFIER = com.nerdwaller.DrudgeTests;
				PRODUCT_NAME = "$(TARGET_NAME)";
				TEST_HOST = "$(BUILT_PRODUCTS_DIR)/Drudge.app/Drudge";
			};
			name = Release;
		};
		32C6DCBC1CE9345E00ADF8C9 /* Debug */ = {
			isa = XCBuildConfiguration;
			buildSettings = {
				INFOPLIST_FILE = DrudgeUITests/Info.plist;
				LD_RUNPATH_SEARCH_PATHS = "$(inherited) @executable_path/Frameworks @loader_path/Frameworks";
				PRODUCT_BUNDLE_IDENTIFIER = com.nerdwaller.DrudgeUITests;
				PRODUCT_NAME = "$(TARGET_NAME)";
				TEST_TARGET_NAME = Drudge;
			};
			name = Debug;
		};
		32C6DCBD1CE9345E00ADF8C9 /* Release */ = {
			isa = XCBuildConfiguration;
			buildSettings = {
				INFOPLIST_FILE = DrudgeUITests/Info.plist;
				LD_RUNPATH_SEARCH_PATHS = "$(inherited) @executable_path/Frameworks @loader_path/Frameworks";
				PRODUCT_BUNDLE_IDENTIFIER = com.nerdwaller.DrudgeUITests;
				PRODUCT_NAME = "$(TARGET_NAME)";
				TEST_TARGET_NAME = Drudge;
			};
			name = Release;
		};
/* End XCBuildConfiguration section */

/* Begin XCConfigurationList section */
		32C6DC881CE9345E00ADF8C9 /* Build configuration list for PBXProject "Drudge" */ = {
			isa = XCConfigurationList;
			buildConfigurations = (
				32C6DCB31CE9345E00ADF8C9 /* Debug */,
				32C6DCB41CE9345E00ADF8C9 /* Release */,
			);
			defaultConfigurationIsVisible = 0;
			defaultConfigurationName = Release;
		};
		32C6DCB51CE9345E00ADF8C9 /* Build configuration list for PBXNativeTarget "Drudge" */ = {
			isa = XCConfigurationList;
			buildConfigurations = (
				32C6DCB61CE9345E00ADF8C9 /* Debug */,
				32C6DCB71CE9345E00ADF8C9 /* Release */,
			);
			defaultConfigurationIsVisible = 0;
			defaultConfigurationName = Release;
		};
		32C6DCB81CE9345E00ADF8C9 /* Build configuration list for PBXNativeTarget "DrudgeTests" */ = {
			isa = XCConfigurationList;
			buildConfigurations = (
				32C6DCB91CE9345E00ADF8C9 /* Debug */,
				32C6DCBA1CE9345E00ADF8C9 /* Release */,
			);
			defaultConfigurationIsVisible = 0;
			defaultConfigurationName = Release;
		};
		32C6DCBB1CE9345E00ADF8C9 /* Build configuration list for PBXNativeTarget "DrudgeUITests" */ = {
			isa = XCConfigurationList;
			buildConfigurations = (
				32C6DCBC1CE9345E00ADF8C9 /* Debug */,
				32C6DCBD1CE9345E00ADF8C9 /* Release */,
			);
			defaultConfigurationIsVisible = 0;
			defaultConfigurationName = Release;
		};
/* End XCConfigurationList section */

/* Begin XCVersionGroup section */
		32F97BDF1CEB47800023551D /* Drudge.xcdatamodeld */ = {
			isa = XCVersionGroup;
			children = (
				32F97BE01CEB47800023551D /* Drudge.xcdatamodel */,
			);
			currentVersion = 32F97BE01CEB47800023551D /* Drudge.xcdatamodel */;
			path = Drudge.xcdatamodeld;
			sourceTree = "<group>";
			versionGroupType = wrapper.xcdatamodel;
		};
/* End XCVersionGroup section */
	};
	rootObject = 32C6DC851CE9345E00ADF8C9 /* Project object */;
}
